
Microsoft Visual Studio Solution File, Format Version 12.00
# Visual Studio Version 17
VisualStudioVersion = 17.11.35312.102
MinimumVisualStudioVersion = 10.0.40219.1
Project("{FAE04EC0-301F-11D3-BF4B-00C04F79EFBC}") = "superior_algos_back", "superior_algos_back\superior_algos_back.csproj", "{B7D2623C-E5DF-446F-A234-9378FAAA6622}"
EndProject
Global
	GlobalSection(SolutionConfigurationPlatforms) = preSolution
		Debug|Any CPU = Debug|Any CPU
		Release|Any CPU = Release|Any CPU
	EndGlobalSection
	GlobalSection(ProjectConfigurationPlatforms) = postSolution
		{B7D2623C-E5DF-446F-A234-9378FAAA6622}.Debug|Any CPU.ActiveCfg = Debug|Any CPU
		{B7D2623C-E5DF-446F-A234-9378FAAA6622}.Debug|Any CPU.Build.0 = Debug|Any CPU
		{B7D2623C-E5DF-446F-A234-9378FAAA6622}.Release|Any CPU.ActiveCfg = Release|Any CPU
		{B7D2623C-E5DF-446F-A234-9378FAAA6622}.Release|Any CPU.Build.0 = Release|Any CPU
	EndGlobalSection
	GlobalSection(SolutionProperties) = preSolution
		HideSolutionNode = FALSE
	EndGlobalSection
	GlobalSection(ExtensibilityGlobals) = postSolution
		SolutionGuid = {AE1CB0C4-F2F9-41A5-9ED4-0AF89F9B1CA0}
	EndGlobalSection
EndGlobal
